
Microsoft Visual Studio Solution File, Format Version 12.00
# Visual Studio Version 16
VisualStudioVersion = 16.0.30517.126
MinimumVisualStudioVersion = 10.0.40219.1
Project("{E24C65DC-7377-472B-9ABA-BC803B73C61A}") = "UmbracoUnicornTeam.Web", "UmbracoUnicornTeam.Web\", "{753D0016-4AE9-4CC8-B4E4-019E4ADF9947}"
	ProjectSection(WebsiteProperties) = preProject
		TargetFrameworkMoniker = ".NETFramework,Version%3Dv4.7.2"
		Debug.AspNetCompiler.VirtualPath = "/localhost_3882"
		Debug.AspNetCompiler.PhysicalPath = "UmbracoUnicornTeam.Web\"
		Debug.AspNetCompiler.TargetPath = "PrecompiledWeb\localhost_3882\"
		Debug.AspNetCompiler.Updateable = "true"
		Debug.AspNetCompiler.ForceOverwrite = "true"
		Debug.AspNetCompiler.FixedNames = "false"
		Debug.AspNetCompiler.Debug = "True"
		Release.AspNetCompiler.VirtualPath = "/localhost_3882"
		Release.AspNetCompiler.PhysicalPath = "UmbracoUnicornTeam.Web\"
		Release.AspNetCompiler.TargetPath = "PrecompiledWeb\localhost_3882\"
		Release.AspNetCompiler.Updateable = "true"
		Release.AspNetCompiler.ForceOverwrite = "true"
		Release.AspNetCompiler.FixedNames = "false"
		Release.AspNetCompiler.Debug = "False"
		VWDPort = "3882"
		SlnRelativePath = "UmbracoUnicornTeam.Web\"
		DefaultWebSiteLanguage = "Visual C#"
	EndProjectSection
	ProjectSection(ProjectDependencies) = postProject
		{16E3CCA7-68A2-417C-9796-258694A03ECE} = {16E3CCA7-68A2-417C-9796-258694A03ECE}
	EndProjectSection
EndProject
Project("{9A19103F-16F7-4668-BE54-9A1E7A4F7556}") = "UmbracoUnicornTeam.Core", "UmbracoUnicornTeam.Core\UmbracoUnicornTeam.Core.csproj", "{16E3CCA7-68A2-417C-9796-258694A03ECE}"
EndProject
Global
	GlobalSection(SolutionConfigurationPlatforms) = preSolution
		Debug|Any CPU = Debug|Any CPU
		Release|Any CPU = Release|Any CPU
	EndGlobalSection
	GlobalSection(ProjectConfigurationPlatforms) = postSolution
		{753D0016-4AE9-4CC8-B4E4-019E4ADF9947}.Debug|Any CPU.ActiveCfg = Debug|Any CPU
		{753D0016-4AE9-4CC8-B4E4-019E4ADF9947}.Release|Any CPU.ActiveCfg = Debug|Any CPU
		{16E3CCA7-68A2-417C-9796-258694A03ECE}.Debug|Any CPU.ActiveCfg = Debug|Any CPU
		{16E3CCA7-68A2-417C-9796-258694A03ECE}.Debug|Any CPU.Build.0 = Debug|Any CPU
		{16E3CCA7-68A2-417C-9796-258694A03ECE}.Release|Any CPU.ActiveCfg = Release|Any CPU
		{16E3CCA7-68A2-417C-9796-258694A03ECE}.Release|Any CPU.Build.0 = Release|Any CPU
	EndGlobalSection
	GlobalSection(SolutionProperties) = preSolution
		HideSolutionNode = FALSE
	EndGlobalSection
	GlobalSection(ExtensibilityGlobals) = postSolution
		SolutionGuid = {FB091704-A996-4D98-A68C-840F96B5F375}
	EndGlobalSection
EndGlobal
